
Microsoft Visual Studio Solution File, Format Version 12.00
# Visual Studio Version 17
VisualStudioVersion = 17.11.35312.102
MinimumVisualStudioVersion = 10.0.40219.1
Project("{2150E333-8FDC-42A3-9474-1A3956D46DE8}") = "Task0", "Task0", "{59695CFC-EA2D-4D02-A900-6C50C27C2952}"
EndProject
Project("{9A19103F-16F7-4668-BE54-9A1E7A4F7556}") = "Tyuiu.ShmelevAV.Sprint4.Task0.V7", "Tyuiu.ShmelevAV.Sprint4.Task0.V7\Tyuiu.ShmelevAV.Sprint4.Task0.V7.csproj", "{BC0212A1-97C2-4495-B89E-8CEC8B0C1690}"
EndProject
Project("{9A19103F-16F7-4668-BE54-9A1E7A4F7556}") = "Tyuiu.ShmelevAV.Sprint4.Task0.V7.Lib", "Tyuiu.ShmelevAV.Sprint4.Task0.V7.Lib\Tyuiu.ShmelevAV.Sprint4.Task0.V7.Lib.csproj", "{F57D3738-38F2-4531-8552-851F5F7EB0D9}"
EndProject
Project("{9A19103F-16F7-4668-BE54-9A1E7A4F7556}") = "Tyuiu.ShmelevAV.Sprint4.Task0.V7.Test", "Tyuiu.ShmelevAV.Sprint4.Task0.V7.Test\Tyuiu.ShmelevAV.Sprint4.Task0.V7.Test.csproj", "{723D34FD-AB5D-4656-8AC4-C7470AB15CB1}"
EndProject
Project("{2150E333-8FDC-42A3-9474-1A3956D46DE8}") = "Task1", "Task1", "{8F026BF2-435A-4035-A881-66B48402AB35}"
EndProject
Project("{9A19103F-16F7-4668-BE54-9A1E7A4F7556}") = "Tyuiu.ShmelevAV.Sprint4.Task1.V13", "Tyuiu.ShmelevAV.Sprint4.Task1.V13\Tyuiu.ShmelevAV.Sprint4.Task1.V13.csproj", "{6FDDC766-D533-4A8B-A1F1-62A7F6081066}"
EndProject
Project("{9A19103F-16F7-4668-BE54-9A1E7A4F7556}") = "Tyuiu.ShmelevAV.Sprint4.Task1.V13.Lib", "Tyuiu.ShmelevAV.Sprint4.Task1.V13.Lib\Tyuiu.ShmelevAV.Sprint4.Task1.V13.Lib.csproj", "{952D4F68-2F26-4417-A2FF-44B6A84D8F46}"
EndProject
Project("{9A19103F-16F7-4668-BE54-9A1E7A4F7556}") = "Tyuiu.ShmelevAV.Sprint4.Task1.V13.Test", "Tyuiu.ShmelevAV.Sprint4.Task1.V13.Test\Tyuiu.ShmelevAV.Sprint4.Task1.V13.Test.csproj", "{6A2470B8-2919-4553-924F-56B1E2A03041}"
EndProject
Project("{2150E333-8FDC-42A3-9474-1A3956D46DE8}") = "Task2", "Task2", "{E8577327-C589-438E-891F-D25684BDB3A2}"
EndProject
Project("{9A19103F-16F7-4668-BE54-9A1E7A4F7556}") = "Tyuiu.ShmelevAV.Sprint4.Task2.V5", "Tyuiu.ShmelevAV.Sprint4.Task2.V5\Tyuiu.ShmelevAV.Sprint4.Task2.V5.csproj", "{D184E9CB-9975-4AC3-AE15-78A41B7BED87}"
EndProject
Project("{9A19103F-16F7-4668-BE54-9A1E7A4F7556}") = "Tyuiu.ShmelevAV.Sprint4.Task2.V5.Lib", "Tyuiu.ShmelevAV.Sprint4.Task2.V5.Lib\Tyuiu.ShmelevAV.Sprint4.Task2.V5.Lib.csproj", "{CDB3FD2F-56C4-4708-A85C-46AEE4A970C3}"
EndProject
Project("{9A19103F-16F7-4668-BE54-9A1E7A4F7556}") = "Tyuiu.ShmelevAV.Sprint4.Task2.V5.Test", "Tyuiu.ShmelevAV.Sprint4.Task2.V5.Test\Tyuiu.ShmelevAV.Sprint4.Task2.V5.Test.csproj", "{E8FA7975-B00D-4A5B-938C-F167E25E09B0}"
EndProject
Project("{2150E333-8FDC-42A3-9474-1A3956D46DE8}") = "Task3", "Task3", "{E4C9FFAE-341E-476A-B879-15D70BE74390}"
EndProject
Project("{9A19103F-16F7-4668-BE54-9A1E7A4F7556}") = "Tyuiu.ShmelevAV.Sprint4.Task3.V23", "Tyuiu.ShmelevAV.Sprint4.Task3.V23\Tyuiu.ShmelevAV.Sprint4.Task3.V23.csproj", "{81F21446-41F7-4E43-933F-8E306E839529}"
EndProject
Project("{9A19103F-16F7-4668-BE54-9A1E7A4F7556}") = "Tyuiu.ShmelevAV.Sprint4.Task3.V23.Lib", "Tyuiu.ShmelevAV.Sprint4.Task3.V23.Lib\Tyuiu.ShmelevAV.Sprint4.Task3.V23.Lib.csproj", "{57B63B61-90EF-496A-8E43-9B06F5332854}"
EndProject
Project("{9A19103F-16F7-4668-BE54-9A1E7A4F7556}") = "Tyuiu.ShmelevAV.Sprint4.Task3.V23.Test", "Tyuiu.ShmelevAV.Sprint4.Task3.V23.Test\Tyuiu.ShmelevAV.Sprint4.Task3.V23.Test.csproj", "{57389891-1291-460E-8179-E8FA51B57F9B}"
EndProject
Project("{2150E333-8FDC-42A3-9474-1A3956D46DE8}") = "Task4", "Task4", "{177CD252-D5E0-4ACB-82FD-D9D6AD5DE284}"
EndProject
Project("{FAE04EC0-301F-11D3-BF4B-00C04F79EFBC}") = "Tyuiu.ShmelevAV.Sprint4.Task4.V16", "Tyuiu.ShmelevAV.Sprint4.Task4.V16\Tyuiu.ShmelevAV.Sprint4.Task4.V16.csproj", "{B4EE65DB-7BDB-4C11-A9AB-364B0562CAFE}"
EndProject
Project("{FAE04EC0-301F-11D3-BF4B-00C04F79EFBC}") = "Tyuiu.ShmelevAV.Sprint4.Task4.V16.Lib", "Tyuiu.ShmelevAV.Sprint4.Task4.V16.Lib\Tyuiu.ShmelevAV.Sprint4.Task4.V16.Lib.csproj", "{99FE3169-061E-47D3-97DE-3036DF28B97B}"
EndProject
Project("{FAE04EC0-301F-11D3-BF4B-00C04F79EFBC}") = "Tyuiu.ShmelevAV.Sprint4.Task4.V16.Test", "Tyuiu.ShmelevAV.Sprint4.Task4.V16.Test\Tyuiu.ShmelevAV.Sprint4.Task4.V16.Test.csproj", "{02B0E531-FD94-4362-99BB-660C1F440417}"
EndProject
Global
	GlobalSection(SolutionConfigurationPlatforms) = preSolution
		Debug|Any CPU = Debug|Any CPU
		Release|Any CPU = Release|Any CPU
	EndGlobalSection
	GlobalSection(ProjectConfigurationPlatforms) = postSolution
		{BC0212A1-97C2-4495-B89E-8CEC8B0C1690}.Debug|Any CPU.ActiveCfg = Debug|Any CPU
		{BC0212A1-97C2-4495-B89E-8CEC8B0C1690}.Debug|Any CPU.Build.0 = Debug|Any CPU
		{BC0212A1-97C2-4495-B89E-8CEC8B0C1690}.Release|Any CPU.ActiveCfg = Release|Any CPU
		{BC0212A1-97C2-4495-B89E-8CEC8B0C1690}.Release|Any CPU.Build.0 = Release|Any CPU
		{F57D3738-38F2-4531-8552-851F5F7EB0D9}.Debug|Any CPU.ActiveCfg = Debug|Any CPU
		{F57D3738-38F2-4531-8552-851F5F7EB0D9}.Debug|Any CPU.Build.0 = Debug|Any CPU
		{F57D3738-38F2-4531-8552-851F5F7EB0D9}.Release|Any CPU.ActiveCfg = Release|Any CPU
		{F57D3738-38F2-4531-8552-851F5F7EB0D9}.Release|Any CPU.Build.0 = Release|Any CPU
		{723D34FD-AB5D-4656-8AC4-C7470AB15CB1}.Debug|Any CPU.ActiveCfg = Debug|Any CPU
		{723D34FD-AB5D-4656-8AC4-C7470AB15CB1}.Debug|Any CPU.Build.0 = Debug|Any CPU
		{723D34FD-AB5D-4656-8AC4-C7470AB15CB1}.Release|Any CPU.ActiveCfg = Release|Any CPU
		{723D34FD-AB5D-4656-8AC4-C7470AB15CB1}.Release|Any CPU.Build.0 = Release|Any CPU
		{6FDDC766-D533-4A8B-A1F1-62A7F6081066}.Debug|Any CPU.ActiveCfg = Debug|Any CPU
		{6FDDC766-D533-4A8B-A1F1-62A7F6081066}.Debug|Any CPU.Build.0 = Debug|Any CPU
		{6FDDC766-D533-4A8B-A1F1-62A7F6081066}.Release|Any CPU.ActiveCfg = Release|Any CPU
		{6FDDC766-D533-4A8B-A1F1-62A7F6081066}.Release|Any CPU.Build.0 = Release|Any CPU
		{952D4F68-2F26-4417-A2FF-44B6A84D8F46}.Debug|Any CPU.ActiveCfg = Debug|Any CPU
		{952D4F68-2F26-4417-A2FF-44B6A84D8F46}.Debug|Any CPU.Build.0 = Debug|Any CPU
		{952D4F68-2F26-4417-A2FF-44B6A84D8F46}.Release|Any CPU.ActiveCfg = Release|Any CPU
		{952D4F68-2F26-4417-A2FF-44B6A84D8F46}.Release|Any CPU.Build.0 = Release|Any CPU
		{6A2470B8-2919-4553-924F-56B1E2A03041}.Debug|Any CPU.ActiveCfg = Debug|Any CPU
		{6A2470B8-2919-4553-924F-56B1E2A03041}.Debug|Any CPU.Build.0 = Debug|Any CPU
		{6A2470B8-2919-4553-924F-56B1E2A03041}.Release|Any CPU.ActiveCfg = Release|Any CPU
		{6A2470B8-2919-4553-924F-56B1E2A03041}.Release|Any CPU.Build.0 = Release|Any CPU
		{D184E9CB-9975-4AC3-AE15-78A41B7BED87}.Debug|Any CPU.ActiveCfg = Debug|Any CPU
		{D184E9CB-9975-4AC3-AE15-78A41B7BED87}.Debug|Any CPU.Build.0 = Debug|Any CPU
		{D184E9CB-9975-4AC3-AE15-78A41B7BED87}.Release|Any CPU.ActiveCfg = Release|Any CPU
		{D184E9CB-9975-4AC3-AE15-78A41B7BED87}.Release|Any CPU.Build.0 = Release|Any CPU
		{CDB3FD2F-56C4-4708-A85C-46AEE4A970C3}.Debug|Any CPU.ActiveCfg = Debug|Any CPU
		{CDB3FD2F-56C4-4708-A85C-46AEE4A970C3}.Debug|Any CPU.Build.0 = Debug|Any CPU
		{CDB3FD2F-56C4-4708-A85C-46AEE4A970C3}.Release|Any CPU.ActiveCfg = Release|Any CPU
		{CDB3FD2F-56C4-4708-A85C-46AEE4A970C3}.Release|Any CPU.Build.0 = Release|Any CPU
		{E8FA7975-B00D-4A5B-938C-F167E25E09B0}.Debug|Any CPU.ActiveCfg = Debug|Any CPU
		{E8FA7975-B00D-4A5B-938C-F167E25E09B0}.Debug|Any CPU.Build.0 = Debug|Any CPU
		{E8FA7975-B00D-4A5B-938C-F167E25E09B0}.Release|Any CPU.ActiveCfg = Release|Any CPU
		{E8FA7975-B00D-4A5B-938C-F167E25E09B0}.Release|Any CPU.Build.0 = Release|Any CPU
		{81F21446-41F7-4E43-933F-8E306E839529}.Debug|Any CPU.ActiveCfg = Debug|Any CPU
		{81F21446-41F7-4E43-933F-8E306E839529}.Debug|Any CPU.Build.0 = Debug|Any CPU
		{81F21446-41F7-4E43-933F-8E306E839529}.Release|Any CPU.ActiveCfg = Release|Any CPU
		{81F21446-41F7-4E43-933F-8E306E839529}.Release|Any CPU.Build.0 = Release|Any CPU
		{57B63B61-90EF-496A-8E43-9B06F5332854}.Debug|Any CPU.ActiveCfg = Debug|Any CPU
		{57B63B61-90EF-496A-8E43-9B06F5332854}.Debug|Any CPU.Build.0 = Debug|Any CPU
		{57B63B61-90EF-496A-8E43-9B06F5332854}.Release|Any CPU.ActiveCfg = Release|Any CPU
		{57B63B61-90EF-496A-8E43-9B06F5332854}.Release|Any CPU.Build.0 = Release|Any CPU
		{57389891-1291-460E-8179-E8FA51B57F9B}.Debug|Any CPU.ActiveCfg = Debug|Any CPU
		{57389891-1291-460E-8179-E8FA51B57F9B}.Debug|Any CPU.Build.0 = Debug|Any CPU
		{57389891-1291-460E-8179-E8FA51B57F9B}.Release|Any CPU.ActiveCfg = Release|Any CPU
		{57389891-1291-460E-8179-E8FA51B57F9B}.Release|Any CPU.Build.0 = Release|Any CPU
		{B4EE65DB-7BDB-4C11-A9AB-364B0562CAFE}.Debug|Any CPU.ActiveCfg = Debug|Any CPU
		{B4EE65DB-7BDB-4C11-A9AB-364B0562CAFE}.Debug|Any CPU.Build.0 = Debug|Any CPU
		{B4EE65DB-7BDB-4C11-A9AB-364B0562CAFE}.Release|Any CPU.ActiveCfg = Release|Any CPU
		{B4EE65DB-7BDB-4C11-A9AB-364B0562CAFE}.Release|Any CPU.Build.0 = Release|Any CPU
		{99FE3169-061E-47D3-97DE-3036DF28B97B}.Debug|Any CPU.ActiveCfg = Debug|Any CPU
		{99FE3169-061E-47D3-97DE-3036DF28B97B}.Debug|Any CPU.Build.0 = Debug|Any CPU
		{99FE3169-061E-47D3-97DE-3036DF28B97B}.Release|Any CPU.ActiveCfg = Release|Any CPU
		{99FE3169-061E-47D3-97DE-3036DF28B97B}.Release|Any CPU.Build.0 = Release|Any CPU
		{02B0E531-FD94-4362-99BB-660C1F440417}.Debug|Any CPU.ActiveCfg = Debug|Any CPU
		{02B0E531-FD94-4362-99BB-660C1F440417}.Debug|Any CPU.Build.0 = Debug|Any CPU
		{02B0E531-FD94-4362-99BB-660C1F440417}.Release|Any CPU.ActiveCfg = Release|Any CPU
		{02B0E531-FD94-4362-99BB-660C1F440417}.Release|Any CPU.Build.0 = Release|Any CPU
	EndGlobalSection
	GlobalSection(SolutionProperties) = preSolution
		HideSolutionNode = FALSE
	EndGlobalSection
	GlobalSection(NestedProjects) = preSolution
		{BC0212A1-97C2-4495-B89E-8CEC8B0C1690} = {59695CFC-EA2D-4D02-A900-6C50C27C2952}
		{F57D3738-38F2-4531-8552-851F5F7EB0D9} = {59695CFC-EA2D-4D02-A900-6C50C27C2952}
		{723D34FD-AB5D-4656-8AC4-C7470AB15CB1} = {59695CFC-EA2D-4D02-A900-6C50C27C2952}
		{6FDDC766-D533-4A8B-A1F1-62A7F6081066} = {8F026BF2-435A-4035-A881-66B48402AB35}
		{952D4F68-2F26-4417-A2FF-44B6A84D8F46} = {8F026BF2-435A-4035-A881-66B48402AB35}
		{6A2470B8-2919-4553-924F-56B1E2A03041} = {8F026BF2-435A-4035-A881-66B48402AB35}
		{D184E9CB-9975-4AC3-AE15-78A41B7BED87} = {E8577327-C589-438E-891F-D25684BDB3A2}
		{CDB3FD2F-56C4-4708-A85C-46AEE4A970C3} = {E8577327-C589-438E-891F-D25684BDB3A2}
		{E8FA7975-B00D-4A5B-938C-F167E25E09B0} = {E8577327-C589-438E-891F-D25684BDB3A2}
		{81F21446-41F7-4E43-933F-8E306E839529} = {E4C9FFAE-341E-476A-B879-15D70BE74390}
		{57B63B61-90EF-496A-8E43-9B06F5332854} = {E4C9FFAE-341E-476A-B879-15D70BE74390}
		{57389891-1291-460E-8179-E8FA51B57F9B} = {E4C9FFAE-341E-476A-B879-15D70BE74390}
		{B4EE65DB-7BDB-4C11-A9AB-364B0562CAFE} = {177CD252-D5E0-4ACB-82FD-D9D6AD5DE284}
		{99FE3169-061E-47D3-97DE-3036DF28B97B} = {177CD252-D5E0-4ACB-82FD-D9D6AD5DE284}
		{02B0E531-FD94-4362-99BB-660C1F440417} = {177CD252-D5E0-4ACB-82FD-D9D6AD5DE284}
	EndGlobalSection
	GlobalSection(ExtensibilityGlobals) = postSolution
		SolutionGuid = {BE08B499-AEB3-40DC-92A3-36F66BF83BEE}
	EndGlobalSection
EndGlobal
